
Microsoft Visual Studio Solution File, Format Version 12.00
# Visual Studio Version 17
VisualStudioVersion = 17.3.32901.215
MinimumVisualStudioVersion = 10.0.40219.1
Project("{FAE04EC0-301F-11D3-BF4B-00C04F79EFBC}") = "MotoGP", "MotoGP\MotoGP.csproj", "{487B88A3-AE35-4E54-95BB-61C54CE6C827}"
EndProject
Global
	GlobalSection(SolutionConfigurationPlatforms) = preSolution
		Debug|Any CPU = Debug|Any CPU
		Release|Any CPU = Release|Any CPU
	EndGlobalSection
	GlobalSection(ProjectConfigurationPlatforms) = postSolution
		{487B88A3-AE35-4E54-95BB-61C54CE6C827}.Debug|Any CPU.ActiveCfg = Debug|Any CPU
		{487B88A3-AE35-4E54-95BB-61C54CE6C827}.Debug|Any CPU.Build.0 = Debug|Any CPU
		{487B88A3-AE35-4E54-95BB-61C54CE6C827}.Release|Any CPU.ActiveCfg = Release|Any CPU
		{487B88A3-AE35-4E54-95BB-61C54CE6C827}.Release|Any CPU.Build.0 = Release|Any CPU
	EndGlobalSection
	GlobalSection(SolutionProperties) = preSolution
		HideSolutionNode = FALSE
	EndGlobalSection
	GlobalSection(ExtensibilityGlobals) = postSolution
		SolutionGuid = {A61FC92C-544E-4CFB-A5F6-37BC5837B0F6}
	EndGlobalSection
EndGlobal
